{
  "name": "marinade",
  "version": "0.0.0",
  "lockfileVersion": 1,
  "requires": true,
  "dependencies": {
    "@angular/animations": {
      "version": "5.1.0",
      "resolved": "https://registry.npmjs.org/@angular/animations/-/animations-5.1.0.tgz",
      "integrity": "sha512-s0tV6y2D16CQAcXjv8CN8AahHb+LoWm9KAUkxvSJ18ZZQweuAY4T8jlRB95ODRFFKfjwyRD9HqXKUC5yHmG9ww==",
      "requires": {
        "tslib": "1.8.1"
      }
    },
    "@angular/common": {
      "version": "5.1.0",
      "resolved": "https://registry.npmjs.org/@angular/common/-/common-5.1.0.tgz",
      "integrity": "sha512-J6E0OfTJJGcyoKU51ZucsDFV40YEAPgP6VCIPYECgOFHxrqg6O1ZFZSD1fdviMXMLVEFCi6Fy6IB7GJyiWgDIA==",
      "requires": {
        "tslib": "1.8.1"
      }
    },
    "@angular/compiler": {
      "version": "5.1.0",
      "resolved": "https://registry.npmjs.org/@angular/compiler/-/compiler-5.1.0.tgz",
      "integrity": "sha512-iyFQqmhKNRSc9JRx7ty6z/wCsypjpbRu0QR6q2LMa6imuCt9qLHOvTajBQExRB8guqd/LTVDG4WiYY1lf8iO2w==",
      "requires": {
        "tslib": "1.8.1"
      }
    },
    "@angular/core": {
      "version": "5.1.0",
      "resolved": "https://registry.npmjs.org/@angular/core/-/core-5.1.0.tgz",
      "integrity": "sha512-duObjve+INoz4wWuqcaJzl1isUyI37RtRblTFXgZBp2n2n0nXJq1CubcfgxQhMMR2d64xWLKg9+d34PvnzaMmg==",
      "requires": {
        "tslib": "1.8.1"
      }
    },
    "@angular/forms": {
      "version": "5.1.0",
      "resolved": "https://registry.npmjs.org/@angular/forms/-/forms-5.1.0.tgz",
      "integrity": "sha512-2sJqtMht/6vbFg6HwFs0MX4pRhgLt7h2pa6oTH4oBoQ2UF67jCuq4cMljDm9SVxrGw0Q83+/eBk3ER4QnKk48Q==",
      "requires": {
        "tslib": "1.8.1"
      }
    },
    "@angular/http": {
      "version": "5.1.0",
      "resolved": "https://registry.npmjs.org/@angular/http/-/http-5.1.0.tgz",
      "integrity": "sha512-ltSs52OYnWZJEnbxtHoN5LQiH/37F3GxN6iL0TsQdSlw8HzrdcdbmebKlCpfXwhgcgZC48KWbKSaOs5/xVurfQ==",
      "requires": {
        "tslib": "1.8.1"
      }
    },
    "@angular/platform-browser": {
      "version": "5.1.0",
      "resolved": "https://registry.npmjs.org/@angular/platform-browser/-/platform-browser-5.1.0.tgz",
      "integrity": "sha512-8aeppeASwQv4Fj3B8KBiFHQrKPrwA328AEhlH/HnggCvt0CFffIs2PSqzJBwnOfFWvhFZk020W51B8jrHLQyoQ==",
      "requires": {
        "tslib": "1.8.1"
      }
    },
    "@angular/platform-browser-dynamic": {
      "version": "5.1.0",
      "resolved": "https://registry.npmjs.org/@angular/platform-browser-dynamic/-/platform-browser-dynamic-5.1.0.tgz",
      "integrity": "sha512-f6Iv4NCYQwBkNeyInZzja8pg0nfUOrxx5H5rEvr0J1bwag2eDofGVPOftha7LDOLVALVOQQiXQBePATMNLB85g==",
      "requires": {
        "tslib": "1.8.1"
      }
    },
    "@angular/router": {
      "version": "5.1.0",
      "resolved": "https://registry.npmjs.org/@angular/router/-/router-5.1.0.tgz",
      "integrity": "sha512-CtOwqeo1IUk4kUs+tUggkYFmuu2fPTZ1G/GP7YK6gd3Jr9OtkMFB7wkmnd5YcaYo3wVeYkJWZdJQAvj6OakMww==",
      "requires": {
        "tslib": "1.8.1"
      }
    },
    "core-js": {
      "version": "2.5.1",
      "resolved": "https://registry.npmjs.org/core-js/-/core-js-2.5.1.tgz",
      "integrity": "sha1-rmh03GaTd4m4B1T/VCjfZoGcpQs="
    },
    "rxjs": {
      "version": "5.5.5",
      "resolved": "https://registry.npmjs.org/rxjs/-/rxjs-5.5.5.tgz",
      "integrity": "sha512-D/MfQnPMBk8P8gfwGxvCkuaWBcG58W7dUMT//URPoYzIbDEKT0GezdirkK5whMgKFBATfCoTpxO8bJQGJ04W5A==",
      "requires": {
        "symbol-observable": "1.0.1"
      }
    },
    "symbol-observable": {
      "version": "1.0.1",
      "resolved": "https://registry.npmjs.org/symbol-observable/-/symbol-observable-1.0.1.tgz",
      "integrity": "sha1-g0D8RwLDEi310iKI+IKD9RPT/dQ="
    },
    "tslib": {
      "version": "1.8.1",
      "resolved": "https://registry.npmjs.org/tslib/-/tslib-1.8.1.tgz",
      "integrity": "sha1-aUavLR1lGnsYY7Ux1uWvpBqkTqw="
    },
    "zone.js": {
      "version": "0.8.18",
      "resolved": "https://registry.npmjs.org/zone.js/-/zone.js-0.8.18.tgz",
      "integrity": "sha512-knKOBQM0oea3/x9pdyDuDi7RhxDlJhOIkeixXSiTKWLgs4LpK37iBc+1HaHwzlciHUKT172CymJFKo8Xgh+44Q=="
    }
  }
}
